// !$*UTF8*$!
{
	archiveVersion = 1;
	classes = {
	};
	objectVersion = 56;
	objects = {

/* Begin PBXBuildFile section */
		3F0F67AB299F3111008D5800 /* recipeView.swift in Sources */ = {isa = PBXBuildFile; fileRef = 3F0F67AA299F3111008D5800 /* recipeView.swift */; };
		3F234FEE29A98BCD00CD9C01 /* CalorieAdder.swift in Sources */ = {isa = PBXBuildFile; fileRef = 3F234FED29A98BCD00CD9C01 /* CalorieAdder.swift */; };
		3FC973EE2999F024003944EB /* Nutrition_AppApp.swift in Sources */ = {isa = PBXBuildFile; fileRef = 3FC973ED2999F024003944EB /* Nutrition_AppApp.swift */; };
		3FC973F02999F024003944EB /* ContentView.swift in Sources */ = {isa = PBXBuildFile; fileRef = 3FC973EF2999F024003944EB /* ContentView.swift */; };
		3FC973F22999F025003944EB /* Assets.xcassets in Resources */ = {isa = PBXBuildFile; fileRef = 3FC973F12999F025003944EB /* Assets.xcassets */; };
		3FC973F52999F025003944EB /* Preview Assets.xcassets in Resources */ = {isa = PBXBuildFile; fileRef = 3FC973F42999F025003944EB /* Preview Assets.xcassets */; };
		3FC97400299B5A31003944EB /* homepageView.swift in Sources */ = {isa = PBXBuildFile; fileRef = 3FC973FF299B5A31003944EB /* homepageView.swift */; };
		3FC97404299B5B7C003944EB /* fetchHealthData.swift in Sources */ = {isa = PBXBuildFile; fileRef = 3FC97403299B5B7C003944EB /* fetchHealthData.swift */; };
		3FEFE122299CBB1100D32F94 /* Poppins-Medium.ttf in Resources */ = {isa = PBXBuildFile; fileRef = 3FEFE121299CBB1100D32F94 /* Poppins-Medium.ttf */; };
		3FEFE125299CC2B400D32F94 /* GoalBuilderView.swift in Sources */ = {isa = PBXBuildFile; fileRef = 3FEFE124299CC2B400D32F94 /* GoalBuilderView.swift */; };
/* End PBXBuildFile section */

/* Begin PBXFileReference section */
		3F0F67AA299F3111008D5800 /* recipeView.swift */ = {isa = PBXFileReference; lastKnownFileType = sourcecode.swift; path = recipeView.swift; sourceTree = "<group>"; };
		3F234FED29A98BCD00CD9C01 /* CalorieAdder.swift */ = {isa = PBXFileReference; lastKnownFileType = sourcecode.swift; path = CalorieAdder.swift; sourceTree = "<group>"; };
		3FC973EA2999F024003944EB /* Nutrition App.app */ = {isa = PBXFileReference; explicitFileType = wrapper.application; includeInIndex = 0; path = "Nutrition App.app"; sourceTree = BUILT_PRODUCTS_DIR; };
		3FC973ED2999F024003944EB /* Nutrition_AppApp.swift */ = {isa = PBXFileReference; lastKnownFileType = sourcecode.swift; path = Nutrition_AppApp.swift; sourceTree = "<group>"; };
		3FC973EF2999F024003944EB /* ContentView.swift */ = {isa = PBXFileReference; lastKnownFileType = sourcecode.swift; path = ContentView.swift; sourceTree = "<group>"; };
		3FC973F12999F025003944EB /* Assets.xcassets */ = {isa = PBXFileReference; lastKnownFileType = folder.assetcatalog; path = Assets.xcassets; sourceTree = "<group>"; };
		3FC973F42999F025003944EB /* Preview Assets.xcassets */ = {isa = PBXFileReference; lastKnownFileType = folder.assetcatalog; path = "Preview Assets.xcassets"; sourceTree = "<group>"; };
		3FC973FB2999F049003944EB /* Nutrition App.entitlements */ = {isa = PBXFileReference; lastKnownFileType = text.plist.entitlements; path = "Nutrition App.entitlements"; sourceTree = "<group>"; };
		3FC973FE2999FA2B003944EB /* Nutrition-App-Info.plist */ = {isa = PBXFileReference; lastKnownFileType = text.plist; path = "Nutrition-App-Info.plist"; sourceTree = SOURCE_ROOT; };
		3FC973FF299B5A31003944EB /* homepageView.swift */ = {isa = PBXFileReference; lastKnownFileType = sourcecode.swift; path = homepageView.swift; sourceTree = "<group>"; };
		3FC97403299B5B7C003944EB /* fetchHealthData.swift */ = {isa = PBXFileReference; lastKnownFileType = sourcecode.swift; path = fetchHealthData.swift; sourceTree = "<group>"; };
		3FEFE121299CBB1100D32F94 /* Poppins-Medium.ttf */ = {isa = PBXFileReference; lastKnownFileType = file; name = "Poppins-Medium.ttf"; path = "../../../../Downloads/Poppins/Poppins-Medium.ttf"; sourceTree = "<group>"; };
		3FEFE123299CBC0100D32F94 /* Poppins-Medium.ttf */ = {isa = PBXFileReference; lastKnownFileType = file; path = "Poppins-Medium.ttf"; sourceTree = "<group>"; };
		3FEFE124299CC2B400D32F94 /* GoalBuilderView.swift */ = {isa = PBXFileReference; lastKnownFileType = sourcecode.swift; path = GoalBuilderView.swift; sourceTree = "<group>"; };
/* End PBXFileReference section */

/* Begin PBXFrameworksBuildPhase section */
		3FC973E72999F024003944EB /* Frameworks */ = {
			isa = PBXFrameworksBuildPhase;
			buildActionMask = 2147483647;
			files = (
			);
			runOnlyForDeploymentPostprocessing = 0;
		};
/* End PBXFrameworksBuildPhase section */

/* Begin PBXGroup section */
		3FC973E12999F024003944EB = {
			isa = PBXGroup;
			children = (
				3FC973EC2999F024003944EB /* Nutrition App */,
				3FC973EB2999F024003944EB /* Products */,
			);
			sourceTree = "<group>";
		};
		3FC973EB2999F024003944EB /* Products */ = {
			isa = PBXGroup;
			children = (
				3FC973EA2999F024003944EB /* Nutrition App.app */,
			);
			name = Products;
			sourceTree = "<group>";
		};
		3FC973EC2999F024003944EB /* Nutrition App */ = {
			isa = PBXGroup;
			children = (
				3FC973FE2999FA2B003944EB /* Nutrition-App-Info.plist */,
				3FC973FB2999F049003944EB /* Nutrition App.entitlements */,
				3FC973ED2999F024003944EB /* Nutrition_AppApp.swift */,
				3FC973EF2999F024003944EB /* ContentView.swift */,
				3FC97403299B5B7C003944EB /* fetchHealthData.swift */,
				3FC973FF299B5A31003944EB /* homepageView.swift */,
				3F234FED29A98BCD00CD9C01 /* CalorieAdder.swift */,
				3FEFE124299CC2B400D32F94 /* GoalBuilderView.swift */,
				3F0F67AA299F3111008D5800 /* recipeView.swift */,
				3FC973F12999F025003944EB /* Assets.xcassets */,
				3FEFE123299CBC0100D32F94 /* Poppins-Medium.ttf */,
				3FC973F32999F025003944EB /* Preview Content */,
			);
			path = "Nutrition App";
			sourceTree = "<group>";
		};
		3FC973F32999F025003944EB /* Preview Content */ = {
			isa = PBXGroup;
			children = (
				3FC973F42999F025003944EB /* Preview Assets.xcassets */,
				3FEFE121299CBB1100D32F94 /* Poppins-Medium.ttf */,
			);
			path = "Preview Content";
			sourceTree = "<group>";
		};
/* End PBXGroup section */

/* Begin PBXNativeTarget section */
		3FC973E92999F024003944EB /* Nutrition App */ = {
			isa = PBXNativeTarget;
			buildConfigurationList = 3FC973F82999F025003944EB /* Build configuration list for PBXNativeTarget "Nutrition App" */;
			buildPhases = (
				3FC973E62999F024003944EB /* Sources */,
				3FC973E72999F024003944EB /* Frameworks */,
				3FC973E82999F024003944EB /* Resources */,
			);
			buildRules = (
			);
			dependencies = (
			);
			name = "Nutrition App";
			productName = "Nutrition App";
			productReference = 3FC973EA2999F024003944EB /* Nutrition App.app */;
			productType = "com.apple.product-type.application";
		};
/* End PBXNativeTarget section */

/* Begin PBXProject section */
		3FC973E22999F024003944EB /* Project object */ = {
			isa = PBXProject;
			attributes = {
				BuildIndependentTargetsInParallel = 1;
				LastSwiftUpdateCheck = 1420;
				LastUpgradeCheck = 1420;
				TargetAttributes = {
					3FC973E92999F024003944EB = {
						CreatedOnToolsVersion = 14.2;
					};
				};
			};
			buildConfigurationList = 3FC973E52999F024003944EB /* Build configuration list for PBXProject "Nutrition App" */;
			compatibilityVersion = "Xcode 14.0";
			developmentRegion = en;
			hasScannedForEncodings = 0;
			knownRegions = (
				en,
				Base,
			);
			mainGroup = 3FC973E12999F024003944EB;
			productRefGroup = 3FC973EB2999F024003944EB /* Products */;
			projectDirPath = "";
			projectRoot = "";
			targets = (
				3FC973E92999F024003944EB /* Nutrition App */,
			);
		};
/* End PBXProject section */

/* Begin PBXResourcesBuildPhase section */
		3FC973E82999F024003944EB /* Resources */ = {
			isa = PBXResourcesBuildPhase;
			buildActionMask = 2147483647;
			files = (
				3FEFE122299CBB1100D32F94 /* Poppins-Medium.ttf in Resources */,
				3FC973F52999F025003944EB /* Preview Assets.xcassets in Resources */,
				3FC973F22999F025003944EB /* Assets.xcassets in Resources */,
			);
			runOnlyForDeploymentPostprocessing = 0;
		};
/* End PBXResourcesBuildPhase section */

/* Begin PBXSourcesBuildPhase section */
		3FC973E62999F024003944EB /* Sources */ = {
			isa = PBXSourcesBuildPhase;
			buildActionMask = 2147483647;
			files = (
				3FC973F02999F024003944EB /* ContentView.swift in Sources */,
				3FC97400299B5A31003944EB /* homepageView.swift in Sources */,
				3FC97404299B5B7C003944EB /* fetchHealthData.swift in Sources */,
				3FC973EE2999F024003944EB /* Nutrition_AppApp.swift in Sources */,
				3F234FEE29A98BCD00CD9C01 /* CalorieAdder.swift in Sources */,
				3F0F67AB299F3111008D5800 /* recipeView.swift in Sources */,
				3FEFE125299CC2B400D32F94 /* GoalBuilderView.swift in Sources */,
			);
			runOnlyForDeploymentPostprocessing = 0;
		};
/* End PBXSourcesBuildPhase section */

/* Begin XCBuildConfiguration section */
		3FC973F62999F025003944EB /* Debug */ = {
			isa = XCBuildConfiguration;
			buildSettings = {
				ALWAYS_SEARCH_USER_PATHS = NO;
				CLANG_ANALYZER_NONNULL = YES;
				CLANG_ANALYZER_NUMBER_OBJECT_CONVERSION = YES_AGGRESSIVE;
				CLANG_CXX_LANGUAGE_STANDARD = "gnu++20";
				CLANG_ENABLE_MODULES = YES;
				CLANG_ENABLE_OBJC_ARC = YES;
				CLANG_ENABLE_OBJC_WEAK = YES;
				CLANG_WARN_BLOCK_CAPTURE_AUTORELEASING = YES;
				CLANG_WARN_BOOL_CONVERSION = YES;
				CLANG_WARN_COMMA = YES;
				CLANG_WARN_CONSTANT_CONVERSION = YES;
				CLANG_WARN_DEPRECATED_OBJC_IMPLEMENTATIONS = YES;
				CLANG_WARN_DIRECT_OBJC_ISA_USAGE = YES_ERROR;
				CLANG_WARN_DOCUMENTATION_COMMENTS = YES;
				CLANG_WARN_EMPTY_BODY = YES;
				CLANG_WARN_ENUM_CONVERSION = YES;
				CLANG_WARN_INFINITE_RECURSION = YES;
				CLANG_WARN_INT_CONVERSION = YES;
				CLANG_WARN_NON_LITERAL_NULL_CONVERSION = YES;
				CLANG_WARN_OBJC_IMPLICIT_RETAIN_SELF = YES;
				CLANG_WARN_OBJC_LITERAL_CONVERSION = YES;
				CLANG_WARN_OBJC_ROOT_CLASS = YES_ERROR;
				CLANG_WARN_QUOTED_INCLUDE_IN_FRAMEWORK_HEADER = YES;
				CLANG_WARN_RANGE_LOOP_ANALYSIS = YES;
				CLANG_WARN_STRICT_PROTOTYPES = YES;
				CLANG_WARN_SUSPICIOUS_MOVE = YES;
				CLANG_WARN_UNGUARDED_AVAILABILITY = YES_AGGRESSIVE;
				CLANG_WARN_UNREACHABLE_CODE = YES;
				CLANG_WARN__DUPLICATE_METHOD_MATCH = YES;
				COPY_PHASE_STRIP = NO;
				DEBUG_INFORMATION_FORMAT = dwarf;
				ENABLE_STRICT_OBJC_MSGSEND = YES;
				ENABLE_TESTABILITY = YES;
				GCC_C_LANGUAGE_STANDARD = gnu11;
				GCC_DYNAMIC_NO_PIC = NO;
				GCC_NO_COMMON_BLOCKS = YES;
				GCC_OPTIMIZATION_LEVEL = 0;
				GCC_PREPROCESSOR_DEFINITIONS = (
					"DEBUG=1",
					"$(inherited)",
				);
				GCC_WARN_64_TO_32_BIT_CONVERSION = YES;
				GCC_WARN_ABOUT_RETURN_TYPE = YES_ERROR;
				GCC_WARN_UNDECLARED_SELECTOR = YES;
				GCC_WARN_UNINITIALIZED_AUTOS = YES_AGGRESSIVE;
				GCC_WARN_UNUSED_FUNCTION = YES;
				GCC_WARN_UNUSED_VARIABLE = YES;
				IPHONEOS_DEPLOYMENT_TARGET = 16.2;
				MTL_ENABLE_DEBUG_INFO = INCLUDE_SOURCE;
				MTL_FAST_MATH = YES;
				ONLY_ACTIVE_ARCH = YES;
				SDKROOT = iphoneos;
				SWIFT_ACTIVE_COMPILATION_CONDITIONS = DEBUG;
				SWIFT_OPTIMIZATION_LEVEL = "-Onone";
			};
			name = Debug;
		};
		3FC973F72999F025003944EB /* Release */ = {
			isa = XCBuildConfiguration;
			buildSettings = {
				ALWAYS_SEARCH_USER_PATHS = NO;
				CLANG_ANALYZER_NONNULL = YES;
				CLANG_ANALYZER_NUMBER_OBJECT_CONVERSION = YES_AGGRESSIVE;
				CLANG_CXX_LANGUAGE_STANDARD = "gnu++20";
				CLANG_ENABLE_MODULES = YES;
				CLANG_ENABLE_OBJC_ARC = YES;
				CLANG_ENABLE_OBJC_WEAK = YES;
				CLANG_WARN_BLOCK_CAPTURE_AUTORELEASING = YES;
				CLANG_WARN_BOOL_CONVERSION = YES;
				CLANG_WARN_COMMA = YES;
				CLANG_WARN_CONSTANT_CONVERSION = YES;
				CLANG_WARN_DEPRECATED_OBJC_IMPLEMENTATIONS = YES;
				CLANG_WARN_DIRECT_OBJC_ISA_USAGE = YES_ERROR;
				CLANG_WARN_DOCUMENTATION_COMMENTS = YES;
				CLANG_WARN_EMPTY_BODY = YES;
				CLANG_WARN_ENUM_CONVERSION = YES;
				CLANG_WARN_INFINITE_RECURSION = YES;
				CLANG_WARN_INT_CONVERSION = YES;
				CLANG_WARN_NON_LITERAL_NULL_CONVERSION = YES;
				CLANG_WARN_OBJC_IMPLICIT_RETAIN_SELF = YES;
				CLANG_WARN_OBJC_LITERAL_CONVERSION = YES;
				CLANG_WARN_OBJC_ROOT_CLASS = YES_ERROR;
				CLANG_WARN_QUOTED_INCLUDE_IN_FRAMEWORK_HEADER = YES;
				CLANG_WARN_RANGE_LOOP_ANALYSIS = YES;
				CLANG_WARN_STRICT_PROTOTYPES = YES;
				CLANG_WARN_SUSPICIOUS_MOVE = YES;
				CLANG_WARN_UNGUARDED_AVAILABILITY = YES_AGGRESSIVE;
				CLANG_WARN_UNREACHABLE_CODE = YES;
				CLANG_WARN__DUPLICATE_METHOD_MATCH = YES;
				COPY_PHASE_STRIP = NO;
				DEBUG_INFORMATION_FORMAT = "dwarf-with-dsym";
				ENABLE_NS_ASSERTIONS = NO;
				ENABLE_STRICT_OBJC_MSGSEND = YES;
				GCC_C_LANGUAGE_STANDARD = gnu11;
				GCC_NO_COMMON_BLOCKS = YES;
				GCC_WARN_64_TO_32_BIT_CONVERSION = YES;
				GCC_WARN_ABOUT_RETURN_TYPE = YES_ERROR;
				GCC_WARN_UNDECLARED_SELECTOR = YES;
				GCC_WARN_UNINITIALIZED_AUTOS = YES_AGGRESSIVE;
				GCC_WARN_UNUSED_FUNCTION = YES;
				GCC_WARN_UNUSED_VARIABLE = YES;
				IPHONEOS_DEPLOYMENT_TARGET = 16.2;
				MTL_ENABLE_DEBUG_INFO = NO;
				MTL_FAST_MATH = YES;
				SDKROOT = iphoneos;
				SWIFT_COMPILATION_MODE = wholemodule;
				SWIFT_OPTIMIZATION_LEVEL = "-O";
				VALIDATE_PRODUCT = YES;
			};
			name = Release;
		};
		3FC973F92999F025003944EB /* Debug */ = {
			isa = XCBuildConfiguration;
			buildSettings = {
				ASSETCATALOG_COMPILER_APPICON_NAME = AppIcon;
				ASSETCATALOG_COMPILER_GLOBAL_ACCENT_COLOR_NAME = AccentColor;
				CODE_SIGN_ENTITLEMENTS = "Nutrition App/Nutrition App.entitlements";
				CODE_SIGN_IDENTITY = "Apple Development";
				CODE_SIGN_STYLE = Automatic;
				CURRENT_PROJECT_VERSION = 1;
				DEVELOPMENT_ASSET_PATHS = "\"Nutrition App/Preview Content\"";
				DEVELOPMENT_TEAM = B7U38C9ZWA;
				ENABLE_PREVIEWS = YES;
				GENERATE_INFOPLIST_FILE = YES;
				INFOPLIST_FILE = "Nutrition-App-Info.plist";
				INFOPLIST_KEY_NSHealthShareUsageDescription = "This app requires access to HealthKit data to track your health information.";
				INFOPLIST_KEY_NSHealthUpdateUsageDescription = "This app requires access to HealthKit data to update your health information.";
				INFOPLIST_KEY_UIApplicationSceneManifest_Generation = YES;
				INFOPLIST_KEY_UILaunchScreen_Generation = YES;
				INFOPLIST_KEY_UISupportedInterfaceOrientations_iPad = "UIInterfaceOrientationPortrait UIInterfaceOrientationPortraitUpsideDown UIInterfaceOrientationLandscapeLeft UIInterfaceOrientationLandscapeRight";
				INFOPLIST_KEY_UISupportedInterfaceOrientations_iPhone = "UIInterfaceOrientationPortrait UIInterfaceOrientationLandscapeLeft UIInterfaceOrientationLandscapeRight";
				LD_RUNPATH_SEARCH_PATHS = (
					"$(inherited)",
					"@executable_path/Frameworks",
				);
				MARKETING_VERSION = 1.0;
				PRODUCT_BUNDLE_IDENTIFIER = "edu.willamette.pdmcslarrow.Nutrition-App";
				PRODUCT_NAME = "$(TARGET_NAME)";
				PROVISIONING_PROFILE_SPECIFIER = "";
				SWIFT_EMIT_LOC_STRINGS = YES;
				SWIFT_VERSION = 5.0;
				TARGETED_DEVICE_FAMILY = "1,2";
			};
			name = Debug;
		};
		3FC973FA2999F025003944EB /* Release */ = {
			isa = XCBuildConfiguration;
			buildSettings = {
				ASSETCATALOG_COMPILER_APPICON_NAME = AppIcon;
				ASSETCATALOG_COMPILER_GLOBAL_ACCENT_COLOR_NAME = AccentColor;
				CODE_SIGN_ENTITLEMENTS = "Nutrition App/Nutrition App.entitlements";
				CODE_SIGN_IDENTITY = "Apple Development";
				CODE_SIGN_STYLE = Automatic;
				CURRENT_PROJECT_VERSION = 1;
				DEVELOPMENT_ASSET_PATHS = "\"Nutrition App/Preview Content\"";
				DEVELOPMENT_TEAM = B7U38C9ZWA;
				ENABLE_PREVIEWS = YES;
				GENERATE_INFOPLIST_FILE = YES;
				INFOPLIST_FILE = "Nutrition-App-Info.plist";
				INFOPLIST_KEY_NSHealthShareUsageDescription = "This app requires access to HealthKit data to track your health information.";
				INFOPLIST_KEY_NSHealthUpdateUsageDescription = "This app requires access to HealthKit data to update your health information.";
				INFOPLIST_KEY_UIApplicationSceneManifest_Generation = YES;
				INFOPLIST_KEY_UILaunchScreen_Generation = YES;
				INFOPLIST_KEY_UISupportedInterfaceOrientations_iPad = "UIInterfaceOrientationPortrait UIInterfaceOrientationPortraitUpsideDown UIInterfaceOrientationLandscapeLeft UIInterfaceOrientationLandscapeRight";
				INFOPLIST_KEY_UISupportedInterfaceOrientations_iPhone = "UIInterfaceOrientationPortrait UIInterfaceOrientationLandscapeLeft UIInterfaceOrientationLandscapeRight";
				LD_RUNPATH_SEARCH_PATHS = (
					"$(inherited)",
					"@executable_path/Frameworks",
				);
				MARKETING_VERSION = 1.0;
				PRODUCT_BUNDLE_IDENTIFIER = "edu.willamette.pdmcslarrow.Nutrition-App";
				PRODUCT_NAME = "$(TARGET_NAME)";
				PROVISIONING_PROFILE_SPECIFIER = "";
				SWIFT_EMIT_LOC_STRINGS = YES;
				SWIFT_VERSION = 5.0;
				TARGETED_DEVICE_FAMILY = "1,2";
			};
			name = Release;
		};
/* End XCBuildConfiguration section */

/* Begin XCConfigurationList section */
		3FC973E52999F024003944EB /* Build configuration list for PBXProject "Nutrition App" */ = {
			isa = XCConfigurationList;
			buildConfigurations = (
				3FC973F62999F025003944EB /* Debug */,
				3FC973F72999F025003944EB /* Release */,
			);
			defaultConfigurationIsVisible = 0;
			defaultConfigurationName = Release;
		};
		3FC973F82999F025003944EB /* Build configuration list for PBXNativeTarget "Nutrition App" */ = {
			isa = XCConfigurationList;
			buildConfigurations = (
				3FC973F92999F025003944EB /* Debug */,
				3FC973FA2999F025003944EB /* Release */,
			);
			defaultConfigurationIsVisible = 0;
			defaultConfigurationName = Release;
		};
/* End XCConfigurationList section */
	};
	rootObject = 3FC973E22999F024003944EB /* Project object */;
}
